
Microsoft Visual Studio Solution File, Format Version 12.00
# Visual Studio Version 17
VisualStudioVersion = 17.5.33516.290
MinimumVisualStudioVersion = 10.0.40219.1
Project("{FAE04EC0-301F-11D3-BF4B-00C04F79EFBC}") = "TaskManager", "TaskManager.csproj", "{B1CADA74-B044-444B-9ABA-5EF8AE69CF3C}"
EndProject
Global
	GlobalSection(SolutionConfigurationPlatforms) = preSolution
		Debug|Any CPU = Debug|Any CPU
		Release|Any CPU = Release|Any CPU
	EndGlobalSection
	GlobalSection(ProjectConfigurationPlatforms) = postSolution
		{B1CADA74-B044-444B-9ABA-5EF8AE69CF3C}.Debug|Any CPU.ActiveCfg = Debug|Any CPU
		{B1CADA74-B044-444B-9ABA-5EF8AE69CF3C}.Debug|Any CPU.Build.0 = Debug|Any CPU
		{B1CADA74-B044-444B-9ABA-5EF8AE69CF3C}.Release|Any CPU.ActiveCfg = Release|Any CPU
		{B1CADA74-B044-444B-9ABA-5EF8AE69CF3C}.Release|Any CPU.Build.0 = Release|Any CPU
	EndGlobalSection
	GlobalSection(SolutionProperties) = preSolution
		HideSolutionNode = FALSE
	EndGlobalSection
	GlobalSection(ExtensibilityGlobals) = postSolution
		SolutionGuid = {6C84C6CF-B6ED-4B70-A522-B54056E18687}
	EndGlobalSection
EndGlobal
